
Microsoft Visual Studio Solution File, Format Version 12.00
# Visual Studio Version 17
VisualStudioVersion = 17.0.31423.177
MinimumVisualStudioVersion = 10.0.40219.1
Project("{9A19103F-16F7-4668-BE54-9A1E7A4F7556}") = "SegateLogScanner", "SegateLogScanner\SegateLogScanner.csproj", "{08395DCE-7C11-48EB-8E94-535A25E2D221}"
EndProject
Project("{9A19103F-16F7-4668-BE54-9A1E7A4F7556}") = "Contracts", "Contracts\Contracts.csproj", "{8155DB5D-DBFF-4129-8A0E-D9B20B5D8A66}"
EndProject
Global
	GlobalSection(SolutionConfigurationPlatforms) = preSolution
		Debug|Any CPU = Debug|Any CPU
		Release|Any CPU = Release|Any CPU
	EndGlobalSection
	GlobalSection(ProjectConfigurationPlatforms) = postSolution
		{08395DCE-7C11-48EB-8E94-535A25E2D221}.Debug|Any CPU.ActiveCfg = Debug|Any CPU
		{08395DCE-7C11-48EB-8E94-535A25E2D221}.Debug|Any CPU.Build.0 = Debug|Any CPU
		{08395DCE-7C11-48EB-8E94-535A25E2D221}.Release|Any CPU.ActiveCfg = Release|Any CPU
		{08395DCE-7C11-48EB-8E94-535A25E2D221}.Release|Any CPU.Build.0 = Release|Any CPU
		{8155DB5D-DBFF-4129-8A0E-D9B20B5D8A66}.Debug|Any CPU.ActiveCfg = Debug|Any CPU
		{8155DB5D-DBFF-4129-8A0E-D9B20B5D8A66}.Debug|Any CPU.Build.0 = Debug|Any CPU
		{8155DB5D-DBFF-4129-8A0E-D9B20B5D8A66}.Release|Any CPU.ActiveCfg = Release|Any CPU
		{8155DB5D-DBFF-4129-8A0E-D9B20B5D8A66}.Release|Any CPU.Build.0 = Release|Any CPU
	EndGlobalSection
	GlobalSection(SolutionProperties) = preSolution
		HideSolutionNode = FALSE
	EndGlobalSection
	GlobalSection(ExtensibilityGlobals) = postSolution
		SolutionGuid = {1E197E96-7E79-4484-BE3F-030076748F05}
	EndGlobalSection
EndGlobal
